
Microsoft Visual Studio Solution File, Format Version 12.00
# Visual Studio Version 16
VisualStudioVersion = 16.0.29509.3
MinimumVisualStudioVersion = 10.0.40219.1
Project("{9A19103F-16F7-4668-BE54-9A1E7A4F7556}") = "Magicodes.ExporterAndImporter.Core", "src\Magicodes.ExporterAndImporter.Core\Magicodes.ExporterAndImporter.Core.csproj", "{ECF7AB74-BE8D-4E61-968E-6DB1E182154F}"
EndProject
Project("{9A19103F-16F7-4668-BE54-9A1E7A4F7556}") = "Magicodes.ExporterAndImporter.Excel", "src\Magicodes.ExporterAndImporter.Excel\Magicodes.ExporterAndImporter.Excel.csproj", "{EF5FD425-AAD3-4B56-9A84-00CF53347CD4}"
EndProject
Project("{9A19103F-16F7-4668-BE54-9A1E7A4F7556}") = "Magicodes.ExporterAndImporter.Tests", "src\Magicodes.ExporterAndImporter.Tests\Magicodes.ExporterAndImporter.Tests.csproj", "{4D9DF60B-EA10-4C01-A3E0-8BE3249CB712}"
EndProject
Project("{2150E333-8FDC-42A3-9474-1A3956D46DE8}") = "Solution Items", "Solution Items", "{7164789B-598A-46A6-BCBE-24CE10F93D53}"
	ProjectSection(SolutionItems) = preProject
		azure-pipelines.yml = azure-pipelines.yml
		common.props = common.props
		README.md = README.md
		README.zh-CN.md = README.zh-CN.md
		RELEASE.md = RELEASE.md
	EndProjectSection
EndProject
Project("{9A19103F-16F7-4668-BE54-9A1E7A4F7556}") = "Magicodes.ExporterAndImporter.Word", "src\Magicodes.ExporterAndImporter.Word\Magicodes.ExporterAndImporter.Word.csproj", "{87E9EDB5-4699-403A-936C-E3D4C789A4F5}"
EndProject
Project("{9A19103F-16F7-4668-BE54-9A1E7A4F7556}") = "Magicodes.ExporterAndImporter.Html", "src\Magicodes.ExporterAndImporter.Html\Magicodes.ExporterAndImporter.Html.csproj", "{46A0C3B6-0B1A-4D3E-9DC0-D60C4C57899E}"
EndProject
Project("{9A19103F-16F7-4668-BE54-9A1E7A4F7556}") = "Magicodes.ExporterAndImporter.Pdf", "src\Magicodes.ExporterAndImporter.Pdf\Magicodes.ExporterAndImporter.Pdf.csproj", "{2C04A330-72C6-48F5-8218-3E9CF65B8777}"
EndProject
Project("{2150E333-8FDC-42A3-9474-1A3956D46DE8}") = "Tests", "Tests", "{400E37A1-6C65-44DF-8D1B-E1BA55BD330F}"
EndProject
Project("{2150E333-8FDC-42A3-9474-1A3956D46DE8}") = "Docs", "Docs", "{7275AADE-9045-459D-B1C4-4A155C858681}"
	ProjectSection(SolutionItems) = preProject
		docs\1.基础教程之导入学生数据.md = docs\1.基础教程之导入学生数据.md
		docs\12.NETCore中通过请求头导出多种格式文件.md = docs\12.NETCore中通过请求头导出多种格式文件.md
		docs\13.性能测试.md = docs\13.性能测试.md
		docs\2.基础教程之导出Excel.md = docs\2.基础教程之导出Excel.md
		docs\3.基础教程之导出Pdf收据.md = docs\3.基础教程之导出Pdf收据.md
		docs\4.在Docker中使用.md = docs\4.在Docker中使用.md
		docs\5.动态导出.md = docs\5.动态导出.md
		docs\6.多Sheet导入.md = docs\6.多Sheet导入.md
		docs\7.Csv导入导出.md = docs\7.Csv导入导出.md
		docs\8.Excel图片导入导出.md = docs\8.Excel图片导入导出.md
		docs\9.Excel模板导出之导出教材订购表.md = docs\9.Excel模板导出之导出教材订购表.md
		docs\Excel模板导出之动态导出.md = docs\Excel模板导出之动态导出.md
		docs\Magicodes.IE之导入导出筛选器.md = docs\Magicodes.IE之导入导出筛选器.md
		docs\Magicodes.IE之花式导出.md = docs\Magicodes.IE之花式导出.md
	EndProjectSection
EndProject
Project("{9A19103F-16F7-4668-BE54-9A1E7A4F7556}") = "Magicodes.ExporterAndImporter.Csv", "src\Magicodes.ExporterAndImporter.Csv\Magicodes.ExporterAndImporter.Csv.csproj", "{7E64798D-31CD-4416-8885-2D3462999B1E}"
EndProject
Project("{9A19103F-16F7-4668-BE54-9A1E7A4F7556}") = "MagicodesWebSite", "src\MagicodesWebSite\MagicodesWebSite.csproj", "{46468401-A16B-448E-A029-F7A95F985031}"
EndProject
Project("{9A19103F-16F7-4668-BE54-9A1E7A4F7556}") = "Magicodes.Benchmarks", "src\Magicodes.IE.Benchmarks\Magicodes.Benchmarks.csproj", "{39A45037-2DC2-4F6D-81F5-6984062F6366}"
EndProject
Project("{9A19103F-16F7-4668-BE54-9A1E7A4F7556}") = "Magicodes.ExporterAndImporter.AspNetCore", "src\Magicodes.ExporterAndImporter.AspNetCore\Magicodes.ExporterAndImporter.AspNetCore.csproj", "{DEB9E5A0-1F7C-4E2D-B665-BF9331C50E8D}"
EndProject
Global
	GlobalSection(SolutionConfigurationPlatforms) = preSolution
		Debug|Any CPU = Debug|Any CPU
		Release|Any CPU = Release|Any CPU
	EndGlobalSection
	GlobalSection(ProjectConfigurationPlatforms) = postSolution
		{ECF7AB74-BE8D-4E61-968E-6DB1E182154F}.Debug|Any CPU.ActiveCfg = Debug|Any CPU
		{ECF7AB74-BE8D-4E61-968E-6DB1E182154F}.Debug|Any CPU.Build.0 = Debug|Any CPU
		{ECF7AB74-BE8D-4E61-968E-6DB1E182154F}.Release|Any CPU.ActiveCfg = Release|Any CPU
		{ECF7AB74-BE8D-4E61-968E-6DB1E182154F}.Release|Any CPU.Build.0 = Release|Any CPU
		{EF5FD425-AAD3-4B56-9A84-00CF53347CD4}.Debug|Any CPU.ActiveCfg = Debug|Any CPU
		{EF5FD425-AAD3-4B56-9A84-00CF53347CD4}.Debug|Any CPU.Build.0 = Debug|Any CPU
		{EF5FD425-AAD3-4B56-9A84-00CF53347CD4}.Release|Any CPU.ActiveCfg = Release|Any CPU
		{EF5FD425-AAD3-4B56-9A84-00CF53347CD4}.Release|Any CPU.Build.0 = Release|Any CPU
		{4D9DF60B-EA10-4C01-A3E0-8BE3249CB712}.Debug|Any CPU.ActiveCfg = Debug|Any CPU
		{4D9DF60B-EA10-4C01-A3E0-8BE3249CB712}.Debug|Any CPU.Build.0 = Debug|Any CPU
		{4D9DF60B-EA10-4C01-A3E0-8BE3249CB712}.Release|Any CPU.ActiveCfg = Release|Any CPU
		{4D9DF60B-EA10-4C01-A3E0-8BE3249CB712}.Release|Any CPU.Build.0 = Release|Any CPU
		{87E9EDB5-4699-403A-936C-E3D4C789A4F5}.Debug|Any CPU.ActiveCfg = Debug|Any CPU
		{87E9EDB5-4699-403A-936C-E3D4C789A4F5}.Debug|Any CPU.Build.0 = Debug|Any CPU
		{87E9EDB5-4699-403A-936C-E3D4C789A4F5}.Release|Any CPU.ActiveCfg = Release|Any CPU
		{87E9EDB5-4699-403A-936C-E3D4C789A4F5}.Release|Any CPU.Build.0 = Release|Any CPU
		{46A0C3B6-0B1A-4D3E-9DC0-D60C4C57899E}.Debug|Any CPU.ActiveCfg = Debug|Any CPU
		{46A0C3B6-0B1A-4D3E-9DC0-D60C4C57899E}.Debug|Any CPU.Build.0 = Debug|Any CPU
		{46A0C3B6-0B1A-4D3E-9DC0-D60C4C57899E}.Release|Any CPU.ActiveCfg = Release|Any CPU
		{46A0C3B6-0B1A-4D3E-9DC0-D60C4C57899E}.Release|Any CPU.Build.0 = Release|Any CPU
		{2C04A330-72C6-48F5-8218-3E9CF65B8777}.Debug|Any CPU.ActiveCfg = Debug|Any CPU
		{2C04A330-72C6-48F5-8218-3E9CF65B8777}.Debug|Any CPU.Build.0 = Debug|Any CPU
		{2C04A330-72C6-48F5-8218-3E9CF65B8777}.Release|Any CPU.ActiveCfg = Release|Any CPU
		{2C04A330-72C6-48F5-8218-3E9CF65B8777}.Release|Any CPU.Build.0 = Release|Any CPU
		{7E64798D-31CD-4416-8885-2D3462999B1E}.Debug|Any CPU.ActiveCfg = Debug|Any CPU
		{7E64798D-31CD-4416-8885-2D3462999B1E}.Debug|Any CPU.Build.0 = Debug|Any CPU
		{7E64798D-31CD-4416-8885-2D3462999B1E}.Release|Any CPU.ActiveCfg = Release|Any CPU
		{7E64798D-31CD-4416-8885-2D3462999B1E}.Release|Any CPU.Build.0 = Release|Any CPU
		{46468401-A16B-448E-A029-F7A95F985031}.Debug|Any CPU.ActiveCfg = Debug|Any CPU
		{46468401-A16B-448E-A029-F7A95F985031}.Debug|Any CPU.Build.0 = Debug|Any CPU
		{46468401-A16B-448E-A029-F7A95F985031}.Release|Any CPU.ActiveCfg = Release|Any CPU
		{46468401-A16B-448E-A029-F7A95F985031}.Release|Any CPU.Build.0 = Release|Any CPU
		{39A45037-2DC2-4F6D-81F5-6984062F6366}.Debug|Any CPU.ActiveCfg = Debug|Any CPU
		{39A45037-2DC2-4F6D-81F5-6984062F6366}.Debug|Any CPU.Build.0 = Debug|Any CPU
		{39A45037-2DC2-4F6D-81F5-6984062F6366}.Release|Any CPU.ActiveCfg = Release|Any CPU
		{39A45037-2DC2-4F6D-81F5-6984062F6366}.Release|Any CPU.Build.0 = Release|Any CPU
		{DEB9E5A0-1F7C-4E2D-B665-BF9331C50E8D}.Debug|Any CPU.ActiveCfg = Debug|Any CPU
		{DEB9E5A0-1F7C-4E2D-B665-BF9331C50E8D}.Debug|Any CPU.Build.0 = Debug|Any CPU
		{DEB9E5A0-1F7C-4E2D-B665-BF9331C50E8D}.Release|Any CPU.ActiveCfg = Release|Any CPU
		{DEB9E5A0-1F7C-4E2D-B665-BF9331C50E8D}.Release|Any CPU.Build.0 = Release|Any CPU
	EndGlobalSection
	GlobalSection(SolutionProperties) = preSolution
		HideSolutionNode = FALSE
	EndGlobalSection
	GlobalSection(NestedProjects) = preSolution
		{4D9DF60B-EA10-4C01-A3E0-8BE3249CB712} = {400E37A1-6C65-44DF-8D1B-E1BA55BD330F}
		{46468401-A16B-448E-A029-F7A95F985031} = {400E37A1-6C65-44DF-8D1B-E1BA55BD330F}
		{39A45037-2DC2-4F6D-81F5-6984062F6366} = {400E37A1-6C65-44DF-8D1B-E1BA55BD330F}
	EndGlobalSection
	GlobalSection(ExtensibilityGlobals) = postSolution
		SolutionGuid = {6C8A9654-6F23-451B-AE83-8C7D534A7A3C}
	EndGlobalSection
EndGlobal
